// !$*UTF8*$!
{
	archiveVersion = 1;
	classes = {
	};
	objectVersion = 46;
	objects = {

/* Begin PBXBuildFile section */
		D009347E1DB6512000400011 /* main.m in Sources */ = {isa = PBXBuildFile; fileRef = D009347D1DB6512000400011 /* main.m */; };
		D00934811DB6512000400011 /* AppDelegate.m in Sources */ = {isa = PBXBuildFile; fileRef = D00934801DB6512000400011 /* AppDelegate.m */; };
		D00934871DB6512000400011 /* Main.storyboard in Resources */ = {isa = PBXBuildFile; fileRef = D00934851DB6512000400011 /* Main.storyboard */; };
		D00934891DB6512000400011 /* Assets.xcassets in Resources */ = {isa = PBXBuildFile; fileRef = D00934881DB6512000400011 /* Assets.xcassets */; };
		D009348C1DB6512000400011 /* LaunchScreen.storyboard in Resources */ = {isa = PBXBuildFile; fileRef = D009348A1DB6512000400011 /* LaunchScreen.storyboard */; };
		D009349D1DB6581800400011 /* Photo.m in Sources */ = {isa = PBXBuildFile; fileRef = D009349C1DB6581800400011 /* Photo.m */; };
		D00934A81DB65E9C00400011 /* FlickrClient.m in Sources */ = {isa = PBXBuildFile; fileRef = D00934A71DB65E9C00400011 /* FlickrClient.m */; };
		D00934AB1DB65ECA00400011 /* PhotosLibraryAPI.m in Sources */ = {isa = PBXBuildFile; fileRef = D00934AA1DB65ECA00400011 /* PhotosLibraryAPI.m */; };
		D00934AE1DB6600900400011 /* Foundation.framework in Frameworks */ = {isa = PBXBuildFile; fileRef = D00934AD1DB6600900400011 /* Foundation.framework */; };
		D00934B01DB6601300400011 /* UIKit.framework in Frameworks */ = {isa = PBXBuildFile; fileRef = D00934AF1DB6601300400011 /* UIKit.framework */; };
		D00934B21DB6602500400011 /* CoreGraphics.framework in Frameworks */ = {isa = PBXBuildFile; fileRef = D00934B11DB6602500400011 /* CoreGraphics.framework */; };
		D00934B61DB67FE000400011 /* PhotosCollectionVC.m in Sources */ = {isa = PBXBuildFile; fileRef = D00934B51DB67FE000400011 /* PhotosCollectionVC.m */; };
		D00934BC1DB683DE00400011 /* PhotoCell.m in Sources */ = {isa = PBXBuildFile; fileRef = D00934BB1DB683DE00400011 /* PhotoCell.m */; };
		D092ECFB1DBA125200CBC84C /* UIImageView+LoadImage.m in Sources */ = {isa = PBXBuildFile; fileRef = D092ECFA1DBA125200CBC84C /* UIImageView+LoadImage.m */; };
		D092ECFE1DBA560100CBC84C /* LargeImagePopUpVC.m in Sources */ = {isa = PBXBuildFile; fileRef = D092ECFD1DBA560100CBC84C /* LargeImagePopUpVC.m */; };
		D092ED011DBA784900CBC84C /* DimmingPresentationVC.m in Sources */ = {isa = PBXBuildFile; fileRef = D092ED001DBA784900CBC84C /* DimmingPresentationVC.m */; };
		D092ED041DBA795E00CBC84C /* GradientView.m in Sources */ = {isa = PBXBuildFile; fileRef = D092ED031DBA795E00CBC84C /* GradientView.m */; };
		D092ED071DBA877B00CBC84C /* FadeOutAnimationController.m in Sources */ = {isa = PBXBuildFile; fileRef = D092ED061DBA877B00CBC84C /* FadeOutAnimationController.m */; };
/* End PBXBuildFile section */

/* Begin PBXFileReference section */
		D00934791DB6511F00400011 /* FlicrTest2.app */ = {isa = PBXFileReference; explicitFileType = wrapper.application; includeInIndex = 0; path = FlicrTest2.app; sourceTree = BUILT_PRODUCTS_DIR; };
		D009347D1DB6512000400011 /* main.m */ = {isa = PBXFileReference; lastKnownFileType = sourcecode.c.objc; path = main.m; sourceTree = "<group>"; };
		D009347F1DB6512000400011 /* AppDelegate.h */ = {isa = PBXFileReference; lastKnownFileType = sourcecode.c.h; path = AppDelegate.h; sourceTree = "<group>"; };
		D00934801DB6512000400011 /* AppDelegate.m */ = {isa = PBXFileReference; lastKnownFileType = sourcecode.c.objc; path = AppDelegate.m; sourceTree = "<group>"; };
		D00934861DB6512000400011 /* Base */ = {isa = PBXFileReference; lastKnownFileType = file.storyboard; name = Base; path = Base.lproj/Main.storyboard; sourceTree = "<group>"; };
		D00934881DB6512000400011 /* Assets.xcassets */ = {isa = PBXFileReference; lastKnownFileType = folder.assetcatalog; path = Assets.xcassets; sourceTree = "<group>"; };
		D009348B1DB6512000400011 /* Base */ = {isa = PBXFileReference; lastKnownFileType = file.storyboard; name = Base; path = Base.lproj/LaunchScreen.storyboard; sourceTree = "<group>"; };
		D009348D1DB6512000400011 /* Info.plist */ = {isa = PBXFileReference; lastKnownFileType = text.plist.xml; path = Info.plist; sourceTree = "<group>"; };
		D009349B1DB6581800400011 /* Photo.h */ = {isa = PBXFileReference; fileEncoding = 4; lastKnownFileType = sourcecode.c.h; path = Photo.h; sourceTree = "<group>"; };
		D009349C1DB6581800400011 /* Photo.m */ = {isa = PBXFileReference; fileEncoding = 4; lastKnownFileType = sourcecode.c.objc; path = Photo.m; sourceTree = "<group>"; };
		D00934A61DB65E9C00400011 /* FlickrClient.h */ = {isa = PBXFileReference; fileEncoding = 4; lastKnownFileType = sourcecode.c.h; path = FlickrClient.h; sourceTree = "<group>"; };
		D00934A71DB65E9C00400011 /* FlickrClient.m */ = {isa = PBXFileReference; fileEncoding = 4; lastKnownFileType = sourcecode.c.objc; path = FlickrClient.m; sourceTree = "<group>"; };
		D00934A91DB65ECA00400011 /* PhotosLibraryAPI.h */ = {isa = PBXFileReference; fileEncoding = 4; lastKnownFileType = sourcecode.c.h; path = PhotosLibraryAPI.h; sourceTree = "<group>"; };
		D00934AA1DB65ECA00400011 /* PhotosLibraryAPI.m */ = {isa = PBXFileReference; fileEncoding = 4; lastKnownFileType = sourcecode.c.objc; path = PhotosLibraryAPI.m; sourceTree = "<group>"; };
		D00934AD1DB6600900400011 /* Foundation.framework */ = {isa = PBXFileReference; lastKnownFileType = wrapper.framework; name = Foundation.framework; path = System/Library/Frameworks/Foundation.framework; sourceTree = SDKROOT; };
		D00934AF1DB6601300400011 /* UIKit.framework */ = {isa = PBXFileReference; lastKnownFileType = wrapper.framework; name = UIKit.framework; path = System/Library/Frameworks/UIKit.framework; sourceTree = SDKROOT; };
		D00934B11DB6602500400011 /* CoreGraphics.framework */ = {isa = PBXFileReference; lastKnownFileType = wrapper.framework; name = CoreGraphics.framework; path = System/Library/Frameworks/CoreGraphics.framework; sourceTree = SDKROOT; };
		D00934B41DB67FE000400011 /* PhotosCollectionVC.h */ = {isa = PBXFileReference; fileEncoding = 4; lastKnownFileType = sourcecode.c.h; path = PhotosCollectionVC.h; sourceTree = "<group>"; };
		D00934B51DB67FE000400011 /* PhotosCollectionVC.m */ = {isa = PBXFileReference; fileEncoding = 4; lastKnownFileType = sourcecode.c.objc; path = PhotosCollectionVC.m; sourceTree = "<group>"; };
		D00934BA1DB683DE00400011 /* PhotoCell.h */ = {isa = PBXFileReference; fileEncoding = 4; lastKnownFileType = sourcecode.c.h; path = PhotoCell.h; sourceTree = "<group>"; };
		D00934BB1DB683DE00400011 /* PhotoCell.m */ = {isa = PBXFileReference; fileEncoding = 4; lastKnownFileType = sourcecode.c.objc; path = PhotoCell.m; sourceTree = "<group>"; };
		D092ECF91DBA125200CBC84C /* UIImageView+LoadImage.h */ = {isa = PBXFileReference; fileEncoding = 4; lastKnownFileType = sourcecode.c.h; path = "UIImageView+LoadImage.h"; sourceTree = "<group>"; };
		D092ECFA1DBA125200CBC84C /* UIImageView+LoadImage.m */ = {isa = PBXFileReference; fileEncoding = 4; lastKnownFileType = sourcecode.c.objc; path = "UIImageView+LoadImage.m"; sourceTree = "<group>"; };
		D092ECFC1DBA560100CBC84C /* LargeImagePopUpVC.h */ = {isa = PBXFileReference; fileEncoding = 4; lastKnownFileType = sourcecode.c.h; path = LargeImagePopUpVC.h; sourceTree = "<group>"; };
		D092ECFD1DBA560100CBC84C /* LargeImagePopUpVC.m */ = {isa = PBXFileReference; fileEncoding = 4; lastKnownFileType = sourcecode.c.objc; path = LargeImagePopUpVC.m; sourceTree = "<group>"; };
		D092ECFF1DBA784900CBC84C /* DimmingPresentationVC.h */ = {isa = PBXFileReference; fileEncoding = 4; lastKnownFileType = sourcecode.c.h; path = DimmingPresentationVC.h; sourceTree = "<group>"; };
		D092ED001DBA784900CBC84C /* DimmingPresentationVC.m */ = {isa = PBXFileReference; fileEncoding = 4; lastKnownFileType = sourcecode.c.objc; path = DimmingPresentationVC.m; sourceTree = "<group>"; };
		D092ED021DBA795E00CBC84C /* GradientView.h */ = {isa = PBXFileReference; fileEncoding = 4; lastKnownFileType = sourcecode.c.h; path = GradientView.h; sourceTree = "<group>"; };
		D092ED031DBA795E00CBC84C /* GradientView.m */ = {isa = PBXFileReference; fileEncoding = 4; lastKnownFileType = sourcecode.c.objc; path = GradientView.m; sourceTree = "<group>"; };
		D092ED051DBA877B00CBC84C /* FadeOutAnimationController.h */ = {isa = PBXFileReference; fileEncoding = 4; lastKnownFileType = sourcecode.c.h; path = FadeOutAnimationController.h; sourceTree = "<group>"; };
		D092ED061DBA877B00CBC84C /* FadeOutAnimationController.m */ = {isa = PBXFileReference; fileEncoding = 4; lastKnownFileType = sourcecode.c.objc; path = FadeOutAnimationController.m; sourceTree = "<group>"; };
/* End PBXFileReference section */

/* Begin PBXFrameworksBuildPhase section */
		D00934761DB6511F00400011 /* Frameworks */ = {
			isa = PBXFrameworksBuildPhase;
			buildActionMask = 2147483647;
			files = (
				D00934B21DB6602500400011 /* CoreGraphics.framework in Frameworks */,
				D00934B01DB6601300400011 /* UIKit.framework in Frameworks */,
				D00934AE1DB6600900400011 /* Foundation.framework in Frameworks */,
			);
			runOnlyForDeploymentPostprocessing = 0;
		};
/* End PBXFrameworksBuildPhase section */

/* Begin PBXGroup section */
		D00934701DB6511F00400011 = {
			isa = PBXGroup;
			children = (
				D009347B1DB6512000400011 /* FlicrTest2 */,
				D009347A1DB6511F00400011 /* Products */,
				D00934AC1DB6600900400011 /* Frameworks */,
			);
			sourceTree = "<group>";
		};
		D009347A1DB6511F00400011 /* Products */ = {
			isa = PBXGroup;
			children = (
				D00934791DB6511F00400011 /* FlicrTest2.app */,
			);
			name = Products;
			sourceTree = "<group>";
		};
		D009347B1DB6512000400011 /* FlicrTest2 */ = {
			isa = PBXGroup;
			children = (
				D00934A51DB65E5900400011 /* API */,
				D00934951DB6575500400011 /* Models */,
				D00934971DB6576F00400011 /* Views */,
				D00934961DB6576100400011 /* Controllers */,
				D00934941DB6573D00400011 /* Other */,
				D00934931DB6571E00400011 /* Storyboards & XIBs */,
				D009347C1DB6512000400011 /* Supporting Files */,
			);
			path = FlicrTest2;
			sourceTree = "<group>";
		};
		D009347C1DB6512000400011 /* Supporting Files */ = {
			isa = PBXGroup;
			children = (
				D009348D1DB6512000400011 /* Info.plist */,
				D009347D1DB6512000400011 /* main.m */,
			);
			name = "Supporting Files";
			sourceTree = "<group>";
		};
		D00934931DB6571E00400011 /* Storyboards & XIBs */ = {
			isa = PBXGroup;
			children = (
				D009348A1DB6512000400011 /* LaunchScreen.storyboard */,
				D00934851DB6512000400011 /* Main.storyboard */,
			);
			name = "Storyboards & XIBs";
			sourceTree = "<group>";
		};
		D00934941DB6573D00400011 /* Other */ = {
			isa = PBXGroup;
			children = (
				D009347F1DB6512000400011 /* AppDelegate.h */,
				D00934801DB6512000400011 /* AppDelegate.m */,
				D00934881DB6512000400011 /* Assets.xcassets */,
			);
			name = Other;
			sourceTree = "<group>";
		};
		D00934951DB6575500400011 /* Models */ = {
			isa = PBXGroup;
			children = (
				D009349B1DB6581800400011 /* Photo.h */,
				D009349C1DB6581800400011 /* Photo.m */,
			);
			name = Models;
			sourceTree = "<group>";
		};
		D00934961DB6576100400011 /* Controllers */ = {
			isa = PBXGroup;
			children = (
				D00934B41DB67FE000400011 /* PhotosCollectionVC.h */,
				D00934B51DB67FE000400011 /* PhotosCollectionVC.m */,
				D092ECFC1DBA560100CBC84C /* LargeImagePopUpVC.h */,
				D092ECFD1DBA560100CBC84C /* LargeImagePopUpVC.m */,
			);
			name = Controllers;
			sourceTree = "<group>";
		};
		D00934971DB6576F00400011 /* Views */ = {
			isa = PBXGroup;
			children = (
				D00934BA1DB683DE00400011 /* PhotoCell.h */,
				D00934BB1DB683DE00400011 /* PhotoCell.m */,
				D092ECF91DBA125200CBC84C /* UIImageView+LoadImage.h */,
				D092ECFA1DBA125200CBC84C /* UIImageView+LoadImage.m */,
				D092ED051DBA877B00CBC84C /* FadeOutAnimationController.h */,
				D092ED061DBA877B00CBC84C /* FadeOutAnimationController.m */,
				D092ECFF1DBA784900CBC84C /* DimmingPresentationVC.h */,
				D092ED001DBA784900CBC84C /* DimmingPresentationVC.m */,
				D092ED021DBA795E00CBC84C /* GradientView.h */,
				D092ED031DBA795E00CBC84C /* GradientView.m */,
			);
			name = Views;
			sourceTree = "<group>";
		};
		D00934A51DB65E5900400011 /* API */ = {
			isa = PBXGroup;
			children = (
				D00934A61DB65E9C00400011 /* FlickrClient.h */,
				D00934A71DB65E9C00400011 /* FlickrClient.m */,
				D00934A91DB65ECA00400011 /* PhotosLibraryAPI.h */,
				D00934AA1DB65ECA00400011 /* PhotosLibraryAPI.m */,
			);
			name = API;
			sourceTree = "<group>";
		};
		D00934AC1DB6600900400011 /* Frameworks */ = {
			isa = PBXGroup;
			children = (
				D00934B11DB6602500400011 /* CoreGraphics.framework */,
				D00934AF1DB6601300400011 /* UIKit.framework */,
				D00934AD1DB6600900400011 /* Foundation.framework */,
			);
			name = Frameworks;
			sourceTree = "<group>";
		};
/* End PBXGroup section */

/* Begin PBXNativeTarget section */
		D00934781DB6511F00400011 /* FlicrTest2 */ = {
			isa = PBXNativeTarget;
			buildConfigurationList = D00934901DB6512000400011 /* Build configuration list for PBXNativeTarget "FlicrTest2" */;
			buildPhases = (
				D00934751DB6511F00400011 /* Sources */,
				D00934761DB6511F00400011 /* Frameworks */,
				D00934771DB6511F00400011 /* Resources */,
			);
			buildRules = (
			);
			dependencies = (
			);
			name = FlicrTest2;
			productName = FlicrTest2;
			productReference = D00934791DB6511F00400011 /* FlicrTest2.app */;
			productType = "com.apple.product-type.application";
		};
/* End PBXNativeTarget section */

/* Begin PBXProject section */
		D00934711DB6511F00400011 /* Project object */ = {
			isa = PBXProject;
			attributes = {
				LastUpgradeCheck = 0800;
				ORGANIZATIONNAME = "Ivashin Dmitry";
				TargetAttributes = {
					D00934781DB6511F00400011 = {
						CreatedOnToolsVersion = 8.0;
						LastSwiftMigration = 0800;
						ProvisioningStyle = Automatic;
					};
				};
			};
			buildConfigurationList = D00934741DB6511F00400011 /* Build configuration list for PBXProject "FlicrTest2" */;
			compatibilityVersion = "Xcode 3.2";
			developmentRegion = English;
			hasScannedForEncodings = 0;
			knownRegions = (
				en,
				Base,
			);
			mainGroup = D00934701DB6511F00400011;
			productRefGroup = D009347A1DB6511F00400011 /* Products */;
			projectDirPath = "";
			projectRoot = "";
			targets = (
				D00934781DB6511F00400011 /* FlicrTest2 */,
			);
		};
/* End PBXProject section */

/* Begin PBXResourcesBuildPhase section */
		D00934771DB6511F00400011 /* Resources */ = {
			isa = PBXResourcesBuildPhase;
			buildActionMask = 2147483647;
			files = (
				D009348C1DB6512000400011 /* LaunchScreen.storyboard in Resources */,
				D00934891DB6512000400011 /* Assets.xcassets in Resources */,
				D00934871DB6512000400011 /* Main.storyboard in Resources */,
			);
			runOnlyForDeploymentPostprocessing = 0;
		};
/* End PBXResourcesBuildPhase section */

/* Begin PBXSourcesBuildPhase section */
		D00934751DB6511F00400011 /* Sources */ = {
			isa = PBXSourcesBuildPhase;
			buildActionMask = 2147483647;
			files = (
				D092ED041DBA795E00CBC84C /* GradientView.m in Sources */,
				D00934A81DB65E9C00400011 /* FlickrClient.m in Sources */,
				D00934B61DB67FE000400011 /* PhotosCollectionVC.m in Sources */,
				D092ECFE1DBA560100CBC84C /* LargeImagePopUpVC.m in Sources */,
				D009349D1DB6581800400011 /* Photo.m in Sources */,
				D092ED011DBA784900CBC84C /* DimmingPresentationVC.m in Sources */,
				D00934BC1DB683DE00400011 /* PhotoCell.m in Sources */,
				D092ECFB1DBA125200CBC84C /* UIImageView+LoadImage.m in Sources */,
				D00934811DB6512000400011 /* AppDelegate.m in Sources */,
				D00934AB1DB65ECA00400011 /* PhotosLibraryAPI.m in Sources */,
				D009347E1DB6512000400011 /* main.m in Sources */,
				D092ED071DBA877B00CBC84C /* FadeOutAnimationController.m in Sources */,
			);
			runOnlyForDeploymentPostprocessing = 0;
		};
/* End PBXSourcesBuildPhase section */

/* Begin PBXVariantGroup section */
		D00934851DB6512000400011 /* Main.storyboard */ = {
			isa = PBXVariantGroup;
			children = (
				D00934861DB6512000400011 /* Base */,
			);
			name = Main.storyboard;
			sourceTree = "<group>";
		};
		D009348A1DB6512000400011 /* LaunchScreen.storyboard */ = {
			isa = PBXVariantGroup;
			children = (
				D009348B1DB6512000400011 /* Base */,
			);
			name = LaunchScreen.storyboard;
			sourceTree = "<group>";
		};
/* End PBXVariantGroup section */

/* Begin XCBuildConfiguration section */
		D009348E1DB6512000400011 /* Debug */ = {
			isa = XCBuildConfiguration;
			buildSettings = {
				ALWAYS_SEARCH_USER_PATHS = NO;
				CLANG_ANALYZER_NONNULL = YES;
				CLANG_CXX_LANGUAGE_STANDARD = "gnu++0x";
				CLANG_CXX_LIBRARY = "libc++";
				CLANG_ENABLE_MODULES = YES;
				CLANG_ENABLE_OBJC_ARC = YES;
				CLANG_WARN_BOOL_CONVERSION = YES;
				CLANG_WARN_CONSTANT_CONVERSION = YES;
				CLANG_WARN_DIRECT_OBJC_ISA_USAGE = YES_ERROR;
				CLANG_WARN_DOCUMENTATION_COMMENTS = YES;
				CLANG_WARN_EMPTY_BODY = YES;
				CLANG_WARN_ENUM_CONVERSION = YES;
				CLANG_WARN_INFINITE_RECURSION = YES;
				CLANG_WARN_INT_CONVERSION = YES;
				CLANG_WARN_OBJC_ROOT_CLASS = YES_ERROR;
				CLANG_WARN_SUSPICIOUS_MOVES = YES;
				CLANG_WARN_UNREACHABLE_CODE = YES;
				CLANG_WARN__DUPLICATE_METHOD_MATCH = YES;
				"CODE_SIGN_IDENTITY[sdk=iphoneos*]" = "iPhone Developer";
				COPY_PHASE_STRIP = NO;
				DEBUG_INFORMATION_FORMAT = dwarf;
				ENABLE_STRICT_OBJC_MSGSEND = YES;
				ENABLE_TESTABILITY = YES;
				GCC_C_LANGUAGE_STANDARD = gnu99;
				GCC_DYNAMIC_NO_PIC = NO;
				GCC_NO_COMMON_BLOCKS = YES;
				GCC_OPTIMIZATION_LEVEL = 0;
				GCC_PREPROCESSOR_DEFINITIONS = (
					"DEBUG=1",
					"$(inherited)",
				);
				GCC_WARN_64_TO_32_BIT_CONVERSION = YES;
				GCC_WARN_ABOUT_RETURN_TYPE = YES_ERROR;
				GCC_WARN_UNDECLARED_SELECTOR = YES;
				GCC_WARN_UNINITIALIZED_AUTOS = YES_AGGRESSIVE;
				GCC_WARN_UNUSED_FUNCTION = YES;
				GCC_WARN_UNUSED_VARIABLE = YES;
				IPHONEOS_DEPLOYMENT_TARGET = 10.0;
				MTL_ENABLE_DEBUG_INFO = YES;
				ONLY_ACTIVE_ARCH = YES;
				SDKROOT = iphoneos;
			};
			name = Debug;
		};
		D009348F1DB6512000400011 /* Release */ = {
			isa = XCBuildConfiguration;
			buildSettings = {
				ALWAYS_SEARCH_USER_PATHS = NO;
				CLANG_ANALYZER_NONNULL = YES;
				CLANG_CXX_LANGUAGE_STANDARD = "gnu++0x";
				CLANG_CXX_LIBRARY = "libc++";
				CLANG_ENABLE_MODULES = YES;
				CLANG_ENABLE_OBJC_ARC = YES;
				CLANG_WARN_BOOL_CONVERSION = YES;
				CLANG_WARN_CONSTANT_CONVERSION = YES;
				CLANG_WARN_DIRECT_OBJC_ISA_USAGE = YES_ERROR;
				CLANG_WARN_DOCUMENTATION_COMMENTS = YES;
				CLANG_WARN_EMPTY_BODY = YES;
				CLANG_WARN_ENUM_CONVERSION = YES;
				CLANG_WARN_INFINITE_RECURSION = YES;
				CLANG_WARN_INT_CONVERSION = YES;
				CLANG_WARN_OBJC_ROOT_CLASS = YES_ERROR;
				CLANG_WARN_SUSPICIOUS_MOVES = YES;
				CLANG_WARN_UNREACHABLE_CODE = YES;
				CLANG_WARN__DUPLICATE_METHOD_MATCH = YES;
				"CODE_SIGN_IDENTITY[sdk=iphoneos*]" = "iPhone Developer";
				COPY_PHASE_STRIP = NO;
				DEBUG_INFORMATION_FORMAT = "dwarf-with-dsym";
				ENABLE_NS_ASSERTIONS = NO;
				ENABLE_STRICT_OBJC_MSGSEND = YES;
				GCC_C_LANGUAGE_STANDARD = gnu99;
				GCC_NO_COMMON_BLOCKS = YES;
				GCC_WARN_64_TO_32_BIT_CONVERSION = YES;
				GCC_WARN_ABOUT_RETURN_TYPE = YES_ERROR;
				GCC_WARN_UNDECLARED_SELECTOR = YES;
				GCC_WARN_UNINITIALIZED_AUTOS = YES_AGGRESSIVE;
				GCC_WARN_UNUSED_FUNCTION = YES;
				GCC_WARN_UNUSED_VARIABLE = YES;
				IPHONEOS_DEPLOYMENT_TARGET = 10.0;
				MTL_ENABLE_DEBUG_INFO = NO;
				SDKROOT = iphoneos;
				VALIDATE_PRODUCT = YES;
			};
			name = Release;
		};
		D00934911DB6512000400011 /* Debug */ = {
			isa = XCBuildConfiguration;
			buildSettings = {
				ASSETCATALOG_COMPILER_APPICON_NAME = AppIcon;
				CLANG_ENABLE_MODULES = YES;
				INFOPLIST_FILE = FlicrTest2/Info.plist;
				LD_RUNPATH_SEARCH_PATHS = "$(inherited) @executable_path/Frameworks";
				PRODUCT_BUNDLE_IDENTIFIER = MyCompany.FlicrTest2;
				PRODUCT_NAME = "$(TARGET_NAME)";
				SWIFT_OPTIMIZATION_LEVEL = "-Onone";
				SWIFT_VERSION = 3.0;
			};
			name = Debug;
		};
		D00934921DB6512000400011 /* Release */ = {
			isa = XCBuildConfiguration;
			buildSettings = {
				ASSETCATALOG_COMPILER_APPICON_NAME = AppIcon;
				CLANG_ENABLE_MODULES = YES;
				INFOPLIST_FILE = FlicrTest2/Info.plist;
				LD_RUNPATH_SEARCH_PATHS = "$(inherited) @executable_path/Frameworks";
				PRODUCT_BUNDLE_IDENTIFIER = MyCompany.FlicrTest2;
				PRODUCT_NAME = "$(TARGET_NAME)";
				SWIFT_VERSION = 3.0;
			};
			name = Release;
		};
/* End XCBuildConfiguration section */

/* Begin XCConfigurationList section */
		D00934741DB6511F00400011 /* Build configuration list for PBXProject "FlicrTest2" */ = {
			isa = XCConfigurationList;
			buildConfigurations = (
				D009348E1DB6512000400011 /* Debug */,
				D009348F1DB6512000400011 /* Release */,
			);
			defaultConfigurationIsVisible = 0;
			defaultConfigurationName = Release;
		};
		D00934901DB6512000400011 /* Build configuration list for PBXNativeTarget "FlicrTest2" */ = {
			isa = XCConfigurationList;
			buildConfigurations = (
				D00934911DB6512000400011 /* Debug */,
				D00934921DB6512000400011 /* Release */,
			);
			defaultConfigurationIsVisible = 0;
			defaultConfigurationName = Release;
		};
/* End XCConfigurationList section */
	};
	rootObject = D00934711DB6511F00400011 /* Project object */;
}
